
Microsoft Visual Studio Solution File, Format Version 12.00
Project("{FAE04EC0-301F-11D3-BF4B-00C04F79EFBC}") = "mediachecker", "mediachecker\mediachecker.csproj", "{97BF8E5B-4B25-4E3D-85C6-5268F5A56C0D}"
EndProject
Global
	GlobalSection(SolutionConfigurationPlatforms) = preSolution
		Debug|Any CPU = Debug|Any CPU
		Release|Any CPU = Release|Any CPU
	EndGlobalSection
	GlobalSection(ProjectConfigurationPlatforms) = postSolution
		{97BF8E5B-4B25-4E3D-85C6-5268F5A56C0D}.Debug|Any CPU.ActiveCfg = Debug|Any CPU
		{97BF8E5B-4B25-4E3D-85C6-5268F5A56C0D}.Debug|Any CPU.Build.0 = Debug|Any CPU
		{97BF8E5B-4B25-4E3D-85C6-5268F5A56C0D}.Release|Any CPU.ActiveCfg = Release|Any CPU
		{97BF8E5B-4B25-4E3D-85C6-5268F5A56C0D}.Release|Any CPU.Build.0 = Release|Any CPU
	EndGlobalSection
EndGlobal
